// !$*UTF8*$!
{
	archiveVersion = 1;
	classes = {
	};
	objectVersion = 56;
	objects = {

/* Begin PBXBuildFile section */
		F632F32F2C0B2CF3008A8B5F /* DateFormatter+ext.swift in Sources */ = {isa = PBXBuildFile; fileRef = F632F32E2C0B2CF3008A8B5F /* DateFormatter+ext.swift */; };
		F635A0B52C066424000C6715 /* ChatBotApp.swift in Sources */ = {isa = PBXBuildFile; fileRef = F635A0B42C066424000C6715 /* ChatBotApp.swift */; };
		F635A0B72C066424000C6715 /* ContentView.swift in Sources */ = {isa = PBXBuildFile; fileRef = F635A0B62C066424000C6715 /* ContentView.swift */; };
		F635A0B92C066426000C6715 /* Assets.xcassets in Resources */ = {isa = PBXBuildFile; fileRef = F635A0B82C066426000C6715 /* Assets.xcassets */; };
		F635A0BC2C066426000C6715 /* Preview Assets.xcassets in Resources */ = {isa = PBXBuildFile; fileRef = F635A0BB2C066426000C6715 /* Preview Assets.xcassets */; };
		F635A0C72C066426000C6715 /* ChatBotTests.swift in Sources */ = {isa = PBXBuildFile; fileRef = F635A0C62C066426000C6715 /* ChatBotTests.swift */; };
		F635A0D12C066426000C6715 /* ChatBotUITests.swift in Sources */ = {isa = PBXBuildFile; fileRef = F635A0D02C066426000C6715 /* ChatBotUITests.swift */; };
		F635A0D32C066426000C6715 /* ChatBotUITestsLaunchTests.swift in Sources */ = {isa = PBXBuildFile; fileRef = F635A0D22C066426000C6715 /* ChatBotUITestsLaunchTests.swift */; };
		F635A0E12C066460000C6715 /* PythonKit in Frameworks */ = {isa = PBXBuildFile; productRef = F635A0E02C066460000C6715 /* PythonKit */; };
		F635A0E32C066632000C6715 /* Chatbot.py in Resources */ = {isa = PBXBuildFile; fileRef = F635A0E22C066632000C6715 /* Chatbot.py */; };
		F635A0E52C066862000C6715 /* Database.csv in Resources */ = {isa = PBXBuildFile; fileRef = F635A0E42C066862000C6715 /* Database.csv */; };
		F635A0E72C067262000C6715 /* Message.swift in Sources */ = {isa = PBXBuildFile; fileRef = F635A0E62C067262000C6715 /* Message.swift */; };
		F635A0E92C067288000C6715 /* MessageView.swift in Sources */ = {isa = PBXBuildFile; fileRef = F635A0E82C067288000C6715 /* MessageView.swift */; };
		F635A0EB2C0672A5000C6715 /* MessageCell.swift in Sources */ = {isa = PBXBuildFile; fileRef = F635A0EA2C0672A5000C6715 /* MessageCell.swift */; };
		F635A0ED2C072E97000C6715 /* LoadingDotsView.swift in Sources */ = {isa = PBXBuildFile; fileRef = F635A0EC2C072E97000C6715 /* LoadingDotsView.swift */; };
		F635A0EF2C076D4C000C6715 /* MainView.swift in Sources */ = {isa = PBXBuildFile; fileRef = F635A0EE2C076D4C000C6715 /* MainView.swift */; };
		F635A0F52C076F86000C6715 /* History.swift in Sources */ = {isa = PBXBuildFile; fileRef = F635A0F42C076F86000C6715 /* History.swift */; };
/* End PBXBuildFile section */

/* Begin PBXContainerItemProxy section */
		F635A0C32C066426000C6715 /* PBXContainerItemProxy */ = {
			isa = PBXContainerItemProxy;
			containerPortal = F635A0A92C066424000C6715 /* Project object */;
			proxyType = 1;
			remoteGlobalIDString = F635A0B02C066424000C6715;
			remoteInfo = ChatBot;
		};
		F635A0CD2C066426000C6715 /* PBXContainerItemProxy */ = {
			isa = PBXContainerItemProxy;
			containerPortal = F635A0A92C066424000C6715 /* Project object */;
			proxyType = 1;
			remoteGlobalIDString = F635A0B02C066424000C6715;
			remoteInfo = ChatBot;
		};
/* End PBXContainerItemProxy section */

/* Begin PBXFileReference section */
		F632F32E2C0B2CF3008A8B5F /* DateFormatter+ext.swift */ = {isa = PBXFileReference; lastKnownFileType = sourcecode.swift; path = "DateFormatter+ext.swift"; sourceTree = "<group>"; };
		F635A0B12C066424000C6715 /* ChatBot.app */ = {isa = PBXFileReference; explicitFileType = wrapper.application; includeInIndex = 0; path = ChatBot.app; sourceTree = BUILT_PRODUCTS_DIR; };
		F635A0B42C066424000C6715 /* ChatBotApp.swift */ = {isa = PBXFileReference; lastKnownFileType = sourcecode.swift; path = ChatBotApp.swift; sourceTree = "<group>"; };
		F635A0B62C066424000C6715 /* ContentView.swift */ = {isa = PBXFileReference; lastKnownFileType = sourcecode.swift; path = ContentView.swift; sourceTree = "<group>"; };
		F635A0B82C066426000C6715 /* Assets.xcassets */ = {isa = PBXFileReference; lastKnownFileType = folder.assetcatalog; path = Assets.xcassets; sourceTree = "<group>"; };
		F635A0BB2C066426000C6715 /* Preview Assets.xcassets */ = {isa = PBXFileReference; lastKnownFileType = folder.assetcatalog; path = "Preview Assets.xcassets"; sourceTree = "<group>"; };
		F635A0BD2C066426000C6715 /* ChatBot.entitlements */ = {isa = PBXFileReference; lastKnownFileType = text.plist.entitlements; path = ChatBot.entitlements; sourceTree = "<group>"; };
		F635A0C22C066426000C6715 /* ChatBotTests.xctest */ = {isa = PBXFileReference; explicitFileType = wrapper.cfbundle; includeInIndex = 0; path = ChatBotTests.xctest; sourceTree = BUILT_PRODUCTS_DIR; };
		F635A0C62C066426000C6715 /* ChatBotTests.swift */ = {isa = PBXFileReference; lastKnownFileType = sourcecode.swift; path = ChatBotTests.swift; sourceTree = "<group>"; };
		F635A0CC2C066426000C6715 /* ChatBotUITests.xctest */ = {isa = PBXFileReference; explicitFileType = wrapper.cfbundle; includeInIndex = 0; path = ChatBotUITests.xctest; sourceTree = BUILT_PRODUCTS_DIR; };
		F635A0D02C066426000C6715 /* ChatBotUITests.swift */ = {isa = PBXFileReference; lastKnownFileType = sourcecode.swift; path = ChatBotUITests.swift; sourceTree = "<group>"; };
		F635A0D22C066426000C6715 /* ChatBotUITestsLaunchTests.swift */ = {isa = PBXFileReference; lastKnownFileType = sourcecode.swift; path = ChatBotUITestsLaunchTests.swift; sourceTree = "<group>"; };
		F635A0E22C066632000C6715 /* Chatbot.py */ = {isa = PBXFileReference; lastKnownFileType = text.script.python; path = Chatbot.py; sourceTree = "<group>"; };
		F635A0E42C066862000C6715 /* Database.csv */ = {isa = PBXFileReference; fileEncoding = 4; lastKnownFileType = text; path = Database.csv; sourceTree = "<group>"; };
		F635A0E62C067262000C6715 /* Message.swift */ = {isa = PBXFileReference; lastKnownFileType = sourcecode.swift; path = Message.swift; sourceTree = "<group>"; };
		F635A0E82C067288000C6715 /* MessageView.swift */ = {isa = PBXFileReference; lastKnownFileType = sourcecode.swift; path = MessageView.swift; sourceTree = "<group>"; };
		F635A0EA2C0672A5000C6715 /* MessageCell.swift */ = {isa = PBXFileReference; lastKnownFileType = sourcecode.swift; path = MessageCell.swift; sourceTree = "<group>"; };
		F635A0EC2C072E97000C6715 /* LoadingDotsView.swift */ = {isa = PBXFileReference; lastKnownFileType = sourcecode.swift; path = LoadingDotsView.swift; sourceTree = "<group>"; };
		F635A0EE2C076D4C000C6715 /* MainView.swift */ = {isa = PBXFileReference; lastKnownFileType = sourcecode.swift; path = MainView.swift; sourceTree = "<group>"; };
		F635A0F42C076F86000C6715 /* History.swift */ = {isa = PBXFileReference; lastKnownFileType = sourcecode.swift; path = History.swift; sourceTree = "<group>"; };
/* End PBXFileReference section */

/* Begin PBXFrameworksBuildPhase section */
		F635A0AE2C066424000C6715 /* Frameworks */ = {
			isa = PBXFrameworksBuildPhase;
			buildActionMask = 2147483647;
			files = (
				F635A0E12C066460000C6715 /* PythonKit in Frameworks */,
			);
			runOnlyForDeploymentPostprocessing = 0;
		};
		F635A0BF2C066426000C6715 /* Frameworks */ = {
			isa = PBXFrameworksBuildPhase;
			buildActionMask = 2147483647;
			files = (
			);
			runOnlyForDeploymentPostprocessing = 0;
		};
		F635A0C92C066426000C6715 /* Frameworks */ = {
			isa = PBXFrameworksBuildPhase;
			buildActionMask = 2147483647;
			files = (
			);
			runOnlyForDeploymentPostprocessing = 0;
		};
/* End PBXFrameworksBuildPhase section */

/* Begin PBXGroup section */
		F632F32D2C0B2CE2008A8B5F /* Extensions */ = {
			isa = PBXGroup;
			children = (
				F632F32E2C0B2CF3008A8B5F /* DateFormatter+ext.swift */,
			);
			path = Extensions;
			sourceTree = "<group>";
		};
		F635A0A82C066424000C6715 = {
			isa = PBXGroup;
			children = (
				F635A0B32C066424000C6715 /* ChatBot */,
				F635A0C52C066426000C6715 /* ChatBotTests */,
				F635A0CF2C066426000C6715 /* ChatBotUITests */,
				F635A0B22C066424000C6715 /* Products */,
			);
			sourceTree = "<group>";
		};
		F635A0B22C066424000C6715 /* Products */ = {
			isa = PBXGroup;
			children = (
				F635A0B12C066424000C6715 /* ChatBot.app */,
				F635A0C22C066426000C6715 /* ChatBotTests.xctest */,
				F635A0CC2C066426000C6715 /* ChatBotUITests.xctest */,
			);
			name = Products;
			sourceTree = "<group>";
		};
		F635A0B32C066424000C6715 /* ChatBot */ = {
			isa = PBXGroup;
			children = (
				F632F32D2C0B2CE2008A8B5F /* Extensions */,
				F635A0F32C076F77000C6715 /* Models */,
				F635A0F22C076F09000C6715 /* PythonFiles */,
				F635A0F12C076EF9000C6715 /* CustomViews */,
				F635A0F02C076EE4000C6715 /* Views */,
				F635A0B42C066424000C6715 /* ChatBotApp.swift */,
				F635A0B82C066426000C6715 /* Assets.xcassets */,
				F635A0BD2C066426000C6715 /* ChatBot.entitlements */,
				F635A0BA2C066426000C6715 /* Preview Content */,
			);
			path = ChatBot;
			sourceTree = "<group>";
		};
		F635A0BA2C066426000C6715 /* Preview Content */ = {
			isa = PBXGroup;
			children = (
				F635A0BB2C066426000C6715 /* Preview Assets.xcassets */,
			);
			path = "Preview Content";
			sourceTree = "<group>";
		};
		F635A0C52C066426000C6715 /* ChatBotTests */ = {
			isa = PBXGroup;
			children = (
				F635A0C62C066426000C6715 /* ChatBotTests.swift */,
			);
			path = ChatBotTests;
			sourceTree = "<group>";
		};
		F635A0CF2C066426000C6715 /* ChatBotUITests */ = {
			isa = PBXGroup;
			children = (
				F635A0D02C066426000C6715 /* ChatBotUITests.swift */,
				F635A0D22C066426000C6715 /* ChatBotUITestsLaunchTests.swift */,
			);
			path = ChatBotUITests;
			sourceTree = "<group>";
		};
		F635A0F02C076EE4000C6715 /* Views */ = {
			isa = PBXGroup;
			children = (
				F635A0EE2C076D4C000C6715 /* MainView.swift */,
				F635A0B62C066424000C6715 /* ContentView.swift */,
				F635A0E82C067288000C6715 /* MessageView.swift */,
			);
			path = Views;
			sourceTree = "<group>";
		};
		F635A0F12C076EF9000C6715 /* CustomViews */ = {
			isa = PBXGroup;
			children = (
				F635A0EA2C0672A5000C6715 /* MessageCell.swift */,
				F635A0EC2C072E97000C6715 /* LoadingDotsView.swift */,
			);
			path = CustomViews;
			sourceTree = "<group>";
		};
		F635A0F22C076F09000C6715 /* PythonFiles */ = {
			isa = PBXGroup;
			children = (
				F635A0E42C066862000C6715 /* Database.csv */,
				F635A0E22C066632000C6715 /* Chatbot.py */,
			);
			path = PythonFiles;
			sourceTree = "<group>";
		};
		F635A0F32C076F77000C6715 /* Models */ = {
			isa = PBXGroup;
			children = (
				F635A0E62C067262000C6715 /* Message.swift */,
				F635A0F42C076F86000C6715 /* History.swift */,
			);
			path = Models;
			sourceTree = "<group>";
		};
/* End PBXGroup section */

/* Begin PBXNativeTarget section */
		F635A0B02C066424000C6715 /* ChatBot */ = {
			isa = PBXNativeTarget;
			buildConfigurationList = F635A0D62C066426000C6715 /* Build configuration list for PBXNativeTarget "ChatBot" */;
			buildPhases = (
				F635A0AD2C066424000C6715 /* Sources */,
				F635A0AE2C066424000C6715 /* Frameworks */,
				F635A0AF2C066424000C6715 /* Resources */,
			);
			buildRules = (
			);
			dependencies = (
			);
			name = ChatBot;
			packageProductDependencies = (
				F635A0E02C066460000C6715 /* PythonKit */,
			);
			productName = ChatBot;
			productReference = F635A0B12C066424000C6715 /* ChatBot.app */;
			productType = "com.apple.product-type.application";
		};
		F635A0C12C066426000C6715 /* ChatBotTests */ = {
			isa = PBXNativeTarget;
			buildConfigurationList = F635A0D92C066426000C6715 /* Build configuration list for PBXNativeTarget "ChatBotTests" */;
			buildPhases = (
				F635A0BE2C066426000C6715 /* Sources */,
				F635A0BF2C066426000C6715 /* Frameworks */,
				F635A0C02C066426000C6715 /* Resources */,
			);
			buildRules = (
			);
			dependencies = (
				F635A0C42C066426000C6715 /* PBXTargetDependency */,
			);
			name = ChatBotTests;
			productName = ChatBotTests;
			productReference = F635A0C22C066426000C6715 /* ChatBotTests.xctest */;
			productType = "com.apple.product-type.bundle.unit-test";
		};
		F635A0CB2C066426000C6715 /* ChatBotUITests */ = {
			isa = PBXNativeTarget;
			buildConfigurationList = F635A0DC2C066426000C6715 /* Build configuration list for PBXNativeTarget "ChatBotUITests" */;
			buildPhases = (
				F635A0C82C066426000C6715 /* Sources */,
				F635A0C92C066426000C6715 /* Frameworks */,
				F635A0CA2C066426000C6715 /* Resources */,
			);
			buildRules = (
			);
			dependencies = (
				F635A0CE2C066426000C6715 /* PBXTargetDependency */,
			);
			name = ChatBotUITests;
			productName = ChatBotUITests;
			productReference = F635A0CC2C066426000C6715 /* ChatBotUITests.xctest */;
			productType = "com.apple.product-type.bundle.ui-testing";
		};
/* End PBXNativeTarget section */

/* Begin PBXProject section */
		F635A0A92C066424000C6715 /* Project object */ = {
			isa = PBXProject;
			attributes = {
				BuildIndependentTargetsInParallel = 1;
				LastSwiftUpdateCheck = 1540;
				LastUpgradeCheck = 1540;
				TargetAttributes = {
					F635A0B02C066424000C6715 = {
						CreatedOnToolsVersion = 15.4;
					};
					F635A0C12C066426000C6715 = {
						CreatedOnToolsVersion = 15.4;
						TestTargetID = F635A0B02C066424000C6715;
					};
					F635A0CB2C066426000C6715 = {
						CreatedOnToolsVersion = 15.4;
						TestTargetID = F635A0B02C066424000C6715;
					};
				};
			};
			buildConfigurationList = F635A0AC2C066424000C6715 /* Build configuration list for PBXProject "ChatBot" */;
			compatibilityVersion = "Xcode 14.0";
			developmentRegion = en;
			hasScannedForEncodings = 0;
			knownRegions = (
				en,
				Base,
			);
			mainGroup = F635A0A82C066424000C6715;
			packageReferences = (
				F635A0DF2C066460000C6715 /* XCRemoteSwiftPackageReference "PythonKit" */,
			);
			productRefGroup = F635A0B22C066424000C6715 /* Products */;
			projectDirPath = "";
			projectRoot = "";
			targets = (
				F635A0B02C066424000C6715 /* ChatBot */,
				F635A0C12C066426000C6715 /* ChatBotTests */,
				F635A0CB2C066426000C6715 /* ChatBotUITests */,
			);
		};
/* End PBXProject section */

/* Begin PBXResourcesBuildPhase section */
		F635A0AF2C066424000C6715 /* Resources */ = {
			isa = PBXResourcesBuildPhase;
			buildActionMask = 2147483647;
			files = (
				F635A0BC2C066426000C6715 /* Preview Assets.xcassets in Resources */,
				F635A0B92C066426000C6715 /* Assets.xcassets in Resources */,
				F635A0E32C066632000C6715 /* Chatbot.py in Resources */,
				F635A0E52C066862000C6715 /* Database.csv in Resources */,
			);
			runOnlyForDeploymentPostprocessing = 0;
		};
		F635A0C02C066426000C6715 /* Resources */ = {
			isa = PBXResourcesBuildPhase;
			buildActionMask = 2147483647;
			files = (
			);
			runOnlyForDeploymentPostprocessing = 0;
		};
		F635A0CA2C066426000C6715 /* Resources */ = {
			isa = PBXResourcesBuildPhase;
			buildActionMask = 2147483647;
			files = (
			);
			runOnlyForDeploymentPostprocessing = 0;
		};
/* End PBXResourcesBuildPhase section */

/* Begin PBXSourcesBuildPhase section */
		F635A0AD2C066424000C6715 /* Sources */ = {
			isa = PBXSourcesBuildPhase;
			buildActionMask = 2147483647;
			files = (
				F635A0E92C067288000C6715 /* MessageView.swift in Sources */,
				F635A0EF2C076D4C000C6715 /* MainView.swift in Sources */,
				F635A0F52C076F86000C6715 /* History.swift in Sources */,
				F635A0ED2C072E97000C6715 /* LoadingDotsView.swift in Sources */,
				F632F32F2C0B2CF3008A8B5F /* DateFormatter+ext.swift in Sources */,
				F635A0EB2C0672A5000C6715 /* MessageCell.swift in Sources */,
				F635A0E72C067262000C6715 /* Message.swift in Sources */,
				F635A0B72C066424000C6715 /* ContentView.swift in Sources */,
				F635A0B52C066424000C6715 /* ChatBotApp.swift in Sources */,
			);
			runOnlyForDeploymentPostprocessing = 0;
		};
		F635A0BE2C066426000C6715 /* Sources */ = {
			isa = PBXSourcesBuildPhase;
			buildActionMask = 2147483647;
			files = (
				F635A0C72C066426000C6715 /* ChatBotTests.swift in Sources */,
			);
			runOnlyForDeploymentPostprocessing = 0;
		};
		F635A0C82C066426000C6715 /* Sources */ = {
			isa = PBXSourcesBuildPhase;
			buildActionMask = 2147483647;
			files = (
				F635A0D32C066426000C6715 /* ChatBotUITestsLaunchTests.swift in Sources */,
				F635A0D12C066426000C6715 /* ChatBotUITests.swift in Sources */,
			);
			runOnlyForDeploymentPostprocessing = 0;
		};
/* End PBXSourcesBuildPhase section */

/* Begin PBXTargetDependency section */
		F635A0C42C066426000C6715 /* PBXTargetDependency */ = {
			isa = PBXTargetDependency;
			target = F635A0B02C066424000C6715 /* ChatBot */;
			targetProxy = F635A0C32C066426000C6715 /* PBXContainerItemProxy */;
		};
		F635A0CE2C066426000C6715 /* PBXTargetDependency */ = {
			isa = PBXTargetDependency;
			target = F635A0B02C066424000C6715 /* ChatBot */;
			targetProxy = F635A0CD2C066426000C6715 /* PBXContainerItemProxy */;
		};
/* End PBXTargetDependency section */

/* Begin XCBuildConfiguration section */
		F635A0D42C066426000C6715 /* Debug */ = {
			isa = XCBuildConfiguration;
			buildSettings = {
				ALWAYS_SEARCH_USER_PATHS = NO;
				ASSETCATALOG_COMPILER_GENERATE_SWIFT_ASSET_SYMBOL_EXTENSIONS = YES;
				CLANG_ANALYZER_NONNULL = YES;
				CLANG_ANALYZER_NUMBER_OBJECT_CONVERSION = YES_AGGRESSIVE;
				CLANG_CXX_LANGUAGE_STANDARD = "gnu++20";
				CLANG_ENABLE_MODULES = YES;
				CLANG_ENABLE_OBJC_ARC = YES;
				CLANG_ENABLE_OBJC_WEAK = YES;
				CLANG_WARN_BLOCK_CAPTURE_AUTORELEASING = YES;
				CLANG_WARN_BOOL_CONVERSION = YES;
				CLANG_WARN_COMMA = YES;
				CLANG_WARN_CONSTANT_CONVERSION = YES;
				CLANG_WARN_DEPRECATED_OBJC_IMPLEMENTATIONS = YES;
				CLANG_WARN_DIRECT_OBJC_ISA_USAGE = YES_ERROR;
				CLANG_WARN_DOCUMENTATION_COMMENTS = YES;
				CLANG_WARN_EMPTY_BODY = YES;
				CLANG_WARN_ENUM_CONVERSION = YES;
				CLANG_WARN_INFINITE_RECURSION = YES;
				CLANG_WARN_INT_CONVERSION = YES;
				CLANG_WARN_NON_LITERAL_NULL_CONVERSION = YES;
				CLANG_WARN_OBJC_IMPLICIT_RETAIN_SELF = YES;
				CLANG_WARN_OBJC_LITERAL_CONVERSION = YES;
				CLANG_WARN_OBJC_ROOT_CLASS = YES_ERROR;
				CLANG_WARN_QUOTED_INCLUDE_IN_FRAMEWORK_HEADER = YES;
				CLANG_WARN_RANGE_LOOP_ANALYSIS = YES;
				CLANG_WARN_STRICT_PROTOTYPES = YES;
				CLANG_WARN_SUSPICIOUS_MOVE = YES;
				CLANG_WARN_UNGUARDED_AVAILABILITY = YES_AGGRESSIVE;
				CLANG_WARN_UNREACHABLE_CODE = YES;
				CLANG_WARN__DUPLICATE_METHOD_MATCH = YES;
				COPY_PHASE_STRIP = NO;
				DEBUG_INFORMATION_FORMAT = dwarf;
				ENABLE_STRICT_OBJC_MSGSEND = YES;
				ENABLE_TESTABILITY = YES;
				ENABLE_USER_SCRIPT_SANDBOXING = YES;
				GCC_C_LANGUAGE_STANDARD = gnu17;
				GCC_DYNAMIC_NO_PIC = NO;
				GCC_NO_COMMON_BLOCKS = YES;
				GCC_OPTIMIZATION_LEVEL = 0;
				GCC_PREPROCESSOR_DEFINITIONS = (
					"DEBUG=1",
					"$(inherited)",
				);
				GCC_WARN_64_TO_32_BIT_CONVERSION = YES;
				GCC_WARN_ABOUT_RETURN_TYPE = YES_ERROR;
				GCC_WARN_UNDECLARED_SELECTOR = YES;
				GCC_WARN_UNINITIALIZED_AUTOS = YES_AGGRESSIVE;
				GCC_WARN_UNUSED_FUNCTION = YES;
				GCC_WARN_UNUSED_VARIABLE = YES;
				LOCALIZATION_PREFERS_STRING_CATALOGS = YES;
				MACOSX_DEPLOYMENT_TARGET = 14.5;
				MTL_ENABLE_DEBUG_INFO = INCLUDE_SOURCE;
				MTL_FAST_MATH = YES;
				ONLY_ACTIVE_ARCH = YES;
				SDKROOT = macosx;
				SWIFT_ACTIVE_COMPILATION_CONDITIONS = "DEBUG $(inherited)";
				SWIFT_OPTIMIZATION_LEVEL = "-Onone";
			};
			name = Debug;
		};
		F635A0D52C066426000C6715 /* Release */ = {
			isa = XCBuildConfiguration;
			buildSettings = {
				ALWAYS_SEARCH_USER_PATHS = NO;
				ASSETCATALOG_COMPILER_GENERATE_SWIFT_ASSET_SYMBOL_EXTENSIONS = YES;
				CLANG_ANALYZER_NONNULL = YES;
				CLANG_ANALYZER_NUMBER_OBJECT_CONVERSION = YES_AGGRESSIVE;
				CLANG_CXX_LANGUAGE_STANDARD = "gnu++20";
				CLANG_ENABLE_MODULES = YES;
				CLANG_ENABLE_OBJC_ARC = YES;
				CLANG_ENABLE_OBJC_WEAK = YES;
				CLANG_WARN_BLOCK_CAPTURE_AUTORELEASING = YES;
				CLANG_WARN_BOOL_CONVERSION = YES;
				CLANG_WARN_COMMA = YES;
				CLANG_WARN_CONSTANT_CONVERSION = YES;
				CLANG_WARN_DEPRECATED_OBJC_IMPLEMENTATIONS = YES;
				CLANG_WARN_DIRECT_OBJC_ISA_USAGE = YES_ERROR;
				CLANG_WARN_DOCUMENTATION_COMMENTS = YES;
				CLANG_WARN_EMPTY_BODY = YES;
				CLANG_WARN_ENUM_CONVERSION = YES;
				CLANG_WARN_INFINITE_RECURSION = YES;
				CLANG_WARN_INT_CONVERSION = YES;
				CLANG_WARN_NON_LITERAL_NULL_CONVERSION = YES;
				CLANG_WARN_OBJC_IMPLICIT_RETAIN_SELF = YES;
				CLANG_WARN_OBJC_LITERAL_CONVERSION = YES;
				CLANG_WARN_OBJC_ROOT_CLASS = YES_ERROR;
				CLANG_WARN_QUOTED_INCLUDE_IN_FRAMEWORK_HEADER = YES;
				CLANG_WARN_RANGE_LOOP_ANALYSIS = YES;
				CLANG_WARN_STRICT_PROTOTYPES = YES;
				CLANG_WARN_SUSPICIOUS_MOVE = YES;
				CLANG_WARN_UNGUARDED_AVAILABILITY = YES_AGGRESSIVE;
				CLANG_WARN_UNREACHABLE_CODE = YES;
				CLANG_WARN__DUPLICATE_METHOD_MATCH = YES;
				COPY_PHASE_STRIP = NO;
				DEBUG_INFORMATION_FORMAT = "dwarf-with-dsym";
				ENABLE_NS_ASSERTIONS = NO;
				ENABLE_STRICT_OBJC_MSGSEND = YES;
				ENABLE_USER_SCRIPT_SANDBOXING = YES;
				GCC_C_LANGUAGE_STANDARD = gnu17;
				GCC_NO_COMMON_BLOCKS = YES;
				GCC_WARN_64_TO_32_BIT_CONVERSION = YES;
				GCC_WARN_ABOUT_RETURN_TYPE = YES_ERROR;
				GCC_WARN_UNDECLARED_SELECTOR = YES;
				GCC_WARN_UNINITIALIZED_AUTOS = YES_AGGRESSIVE;
				GCC_WARN_UNUSED_FUNCTION = YES;
				GCC_WARN_UNUSED_VARIABLE = YES;
				LOCALIZATION_PREFERS_STRING_CATALOGS = YES;
				MACOSX_DEPLOYMENT_TARGET = 14.5;
				MTL_ENABLE_DEBUG_INFO = NO;
				MTL_FAST_MATH = YES;
				SDKROOT = macosx;
				SWIFT_COMPILATION_MODE = wholemodule;
			};
			name = Release;
		};
		F635A0D72C066426000C6715 /* Debug */ = {
			isa = XCBuildConfiguration;
			buildSettings = {
				ASSETCATALOG_COMPILER_APPICON_NAME = AppIcon;
				ASSETCATALOG_COMPILER_GLOBAL_ACCENT_COLOR_NAME = AccentColor;
				CODE_SIGN_ENTITLEMENTS = ChatBot/ChatBot.entitlements;
				CODE_SIGN_STYLE = Automatic;
				COMBINE_HIDPI_IMAGES = YES;
				CURRENT_PROJECT_VERSION = 1;
				DEVELOPMENT_ASSET_PATHS = "\"ChatBot/Preview Content\"";
				DEVELOPMENT_TEAM = X899A4BCH8;
				ENABLE_HARDENED_RUNTIME = YES;
				ENABLE_PREVIEWS = YES;
				GENERATE_INFOPLIST_FILE = YES;
				INFOPLIST_KEY_NSHumanReadableCopyright = "";
				LD_RUNPATH_SEARCH_PATHS = (
					"$(inherited)",
					"@executable_path/../Frameworks",
				);
				MARKETING_VERSION = 1.0;
				PRODUCT_BUNDLE_IDENTIFIER = maksymilianstan.ChatBot;
				PRODUCT_NAME = "$(TARGET_NAME)";
				SWIFT_EMIT_LOC_STRINGS = YES;
				SWIFT_VERSION = 5.0;
			};
			name = Debug;
		};
		F635A0D82C066426000C6715 /* Release */ = {
			isa = XCBuildConfiguration;
			buildSettings = {
				ASSETCATALOG_COMPILER_APPICON_NAME = AppIcon;
				ASSETCATALOG_COMPILER_GLOBAL_ACCENT_COLOR_NAME = AccentColor;
				CODE_SIGN_ENTITLEMENTS = ChatBot/ChatBot.entitlements;
				CODE_SIGN_STYLE = Automatic;
				COMBINE_HIDPI_IMAGES = YES;
				CURRENT_PROJECT_VERSION = 1;
				DEVELOPMENT_ASSET_PATHS = "\"ChatBot/Preview Content\"";
				DEVELOPMENT_TEAM = X899A4BCH8;
				ENABLE_HARDENED_RUNTIME = YES;
				ENABLE_PREVIEWS = YES;
				GENERATE_INFOPLIST_FILE = YES;
				INFOPLIST_KEY_NSHumanReadableCopyright = "";
				LD_RUNPATH_SEARCH_PATHS = (
					"$(inherited)",
					"@executable_path/../Frameworks",
				);
				MARKETING_VERSION = 1.0;
				PRODUCT_BUNDLE_IDENTIFIER = maksymilianstan.ChatBot;
				PRODUCT_NAME = "$(TARGET_NAME)";
				SWIFT_EMIT_LOC_STRINGS = YES;
				SWIFT_VERSION = 5.0;
			};
			name = Release;
		};
		F635A0DA2C066426000C6715 /* Debug */ = {
			isa = XCBuildConfiguration;
			buildSettings = {
				ALWAYS_EMBED_SWIFT_STANDARD_LIBRARIES = YES;
				BUNDLE_LOADER = "$(TEST_HOST)";
				CODE_SIGN_STYLE = Automatic;
				CURRENT_PROJECT_VERSION = 1;
				DEVELOPMENT_TEAM = X899A4BCH8;
				GENERATE_INFOPLIST_FILE = YES;
				MACOSX_DEPLOYMENT_TARGET = 14.5;
				MARKETING_VERSION = 1.0;
				PRODUCT_BUNDLE_IDENTIFIER = maksymilianstan.ChatBotTests;
				PRODUCT_NAME = "$(TARGET_NAME)";
				SWIFT_EMIT_LOC_STRINGS = NO;
				SWIFT_VERSION = 5.0;
				TEST_HOST = "$(BUILT_PRODUCTS_DIR)/ChatBot.app/$(BUNDLE_EXECUTABLE_FOLDER_PATH)/ChatBot";
			};
			name = Debug;
		};
		F635A0DB2C066426000C6715 /* Release */ = {
			isa = XCBuildConfiguration;
			buildSettings = {
				ALWAYS_EMBED_SWIFT_STANDARD_LIBRARIES = YES;
				BUNDLE_LOADER = "$(TEST_HOST)";
				CODE_SIGN_STYLE = Automatic;
				CURRENT_PROJECT_VERSION = 1;
				DEVELOPMENT_TEAM = X899A4BCH8;
				GENERATE_INFOPLIST_FILE = YES;
				MACOSX_DEPLOYMENT_TARGET = 14.5;
				MARKETING_VERSION = 1.0;
				PRODUCT_BUNDLE_IDENTIFIER = maksymilianstan.ChatBotTests;
				PRODUCT_NAME = "$(TARGET_NAME)";
				SWIFT_EMIT_LOC_STRINGS = NO;
				SWIFT_VERSION = 5.0;
				TEST_HOST = "$(BUILT_PRODUCTS_DIR)/ChatBot.app/$(BUNDLE_EXECUTABLE_FOLDER_PATH)/ChatBot";
			};
			name = Release;
		};
		F635A0DD2C066426000C6715 /* Debug */ = {
			isa = XCBuildConfiguration;
			buildSettings = {
				ALWAYS_EMBED_SWIFT_STANDARD_LIBRARIES = YES;
				CODE_SIGN_STYLE = Automatic;
				CURRENT_PROJECT_VERSION = 1;
				DEVELOPMENT_TEAM = X899A4BCH8;
				GENERATE_INFOPLIST_FILE = YES;
				MARKETING_VERSION = 1.0;
				PRODUCT_BUNDLE_IDENTIFIER = maksymilianstan.ChatBotUITests;
				PRODUCT_NAME = "$(TARGET_NAME)";
				SWIFT_EMIT_LOC_STRINGS = NO;
				SWIFT_VERSION = 5.0;
				TEST_TARGET_NAME = ChatBot;
			};
			name = Debug;
		};
		F635A0DE2C066426000C6715 /* Release */ = {
			isa = XCBuildConfiguration;
			buildSettings = {
				ALWAYS_EMBED_SWIFT_STANDARD_LIBRARIES = YES;
				CODE_SIGN_STYLE = Automatic;
				CURRENT_PROJECT_VERSION = 1;
				DEVELOPMENT_TEAM = X899A4BCH8;
				GENERATE_INFOPLIST_FILE = YES;
				MARKETING_VERSION = 1.0;
				PRODUCT_BUNDLE_IDENTIFIER = maksymilianstan.ChatBotUITests;
				PRODUCT_NAME = "$(TARGET_NAME)";
				SWIFT_EMIT_LOC_STRINGS = NO;
				SWIFT_VERSION = 5.0;
				TEST_TARGET_NAME = ChatBot;
			};
			name = Release;
		};
/* End XCBuildConfiguration section */

/* Begin XCConfigurationList section */
		F635A0AC2C066424000C6715 /* Build configuration list for PBXProject "ChatBot" */ = {
			isa = XCConfigurationList;
			buildConfigurations = (
				F635A0D42C066426000C6715 /* Debug */,
				F635A0D52C066426000C6715 /* Release */,
			);
			defaultConfigurationIsVisible = 0;
			defaultConfigurationName = Release;
		};
		F635A0D62C066426000C6715 /* Build configuration list for PBXNativeTarget "ChatBot" */ = {
			isa = XCConfigurationList;
			buildConfigurations = (
				F635A0D72C066426000C6715 /* Debug */,
				F635A0D82C066426000C6715 /* Release */,
			);
			defaultConfigurationIsVisible = 0;
			defaultConfigurationName = Release;
		};
		F635A0D92C066426000C6715 /* Build configuration list for PBXNativeTarget "ChatBotTests" */ = {
			isa = XCConfigurationList;
			buildConfigurations = (
				F635A0DA2C066426000C6715 /* Debug */,
				F635A0DB2C066426000C6715 /* Release */,
			);
			defaultConfigurationIsVisible = 0;
			defaultConfigurationName = Release;
		};
		F635A0DC2C066426000C6715 /* Build configuration list for PBXNativeTarget "ChatBotUITests" */ = {
			isa = XCConfigurationList;
			buildConfigurations = (
				F635A0DD2C066426000C6715 /* Debug */,
				F635A0DE2C066426000C6715 /* Release */,
			);
			defaultConfigurationIsVisible = 0;
			defaultConfigurationName = Release;
		};
/* End XCConfigurationList section */

/* Begin XCRemoteSwiftPackageReference section */
		F635A0DF2C066460000C6715 /* XCRemoteSwiftPackageReference "PythonKit" */ = {
			isa = XCRemoteSwiftPackageReference;
			repositoryURL = "https://github.com/pvieito/PythonKit";
			requirement = {
				branch = master;
				kind = branch;
			};
		};
/* End XCRemoteSwiftPackageReference section */

/* Begin XCSwiftPackageProductDependency section */
		F635A0E02C066460000C6715 /* PythonKit */ = {
			isa = XCSwiftPackageProductDependency;
			package = F635A0DF2C066460000C6715 /* XCRemoteSwiftPackageReference "PythonKit" */;
			productName = PythonKit;
		};
/* End XCSwiftPackageProductDependency section */
	};
	rootObject = F635A0A92C066424000C6715 /* Project object */;
}
